
Microsoft Visual Studio Solution File, Format Version 12.00
# Visual Studio 15
VisualStudioVersion = 15.0.28307.1169
MinimumVisualStudioVersion = 10.0.40219.1
Project("{8BC9CEB8-8B4A-11D0-8D11-00A0C91BC942}") = "StaticList", "StaticList\StaticList.vcxproj", "{B598CD32-0AE8-4B96-8BC8-8EDF091A791B}"
EndProject
Project("{8BC9CEB8-8B4A-11D0-8D11-00A0C91BC942}") = "Stack", "Stack\Stack.vcxproj", "{1D7D1F88-833C-49E2-9173-AA6F35D30DDB}"
EndProject
Project("{8BC9CEB8-8B4A-11D0-8D11-00A0C91BC942}") = "LinkStack", "LinkStack\LinkStack.vcxproj", "{B51A4207-F947-49C7-8E36-209F5672F009}"
EndProject
Global
	GlobalSection(SolutionConfigurationPlatforms) = preSolution
		Debug|x64 = Debug|x64
		Debug|x86 = Debug|x86
		Release|x64 = Release|x64
		Release|x86 = Release|x86
	EndGlobalSection
	GlobalSection(ProjectConfigurationPlatforms) = postSolution
		{B598CD32-0AE8-4B96-8BC8-8EDF091A791B}.Debug|x64.ActiveCfg = Debug|x64
		{B598CD32-0AE8-4B96-8BC8-8EDF091A791B}.Debug|x64.Build.0 = Debug|x64
		{B598CD32-0AE8-4B96-8BC8-8EDF091A791B}.Debug|x86.ActiveCfg = Debug|Win32
		{B598CD32-0AE8-4B96-8BC8-8EDF091A791B}.Debug|x86.Build.0 = Debug|Win32
		{B598CD32-0AE8-4B96-8BC8-8EDF091A791B}.Release|x64.ActiveCfg = Release|x64
		{B598CD32-0AE8-4B96-8BC8-8EDF091A791B}.Release|x64.Build.0 = Release|x64
		{B598CD32-0AE8-4B96-8BC8-8EDF091A791B}.Release|x86.ActiveCfg = Release|Win32
		{B598CD32-0AE8-4B96-8BC8-8EDF091A791B}.Release|x86.Build.0 = Release|Win32
		{1D7D1F88-833C-49E2-9173-AA6F35D30DDB}.Debug|x64.ActiveCfg = Debug|x64
		{1D7D1F88-833C-49E2-9173-AA6F35D30DDB}.Debug|x64.Build.0 = Debug|x64
		{1D7D1F88-833C-49E2-9173-AA6F35D30DDB}.Debug|x86.ActiveCfg = Debug|Win32
		{1D7D1F88-833C-49E2-9173-AA6F35D30DDB}.Debug|x86.Build.0 = Debug|Win32
		{1D7D1F88-833C-49E2-9173-AA6F35D30DDB}.Release|x64.ActiveCfg = Release|x64
		{1D7D1F88-833C-49E2-9173-AA6F35D30DDB}.Release|x64.Build.0 = Release|x64
		{1D7D1F88-833C-49E2-9173-AA6F35D30DDB}.Release|x86.ActiveCfg = Release|Win32
		{1D7D1F88-833C-49E2-9173-AA6F35D30DDB}.Release|x86.Build.0 = Release|Win32
		{B51A4207-F947-49C7-8E36-209F5672F009}.Debug|x64.ActiveCfg = Debug|x64
		{B51A4207-F947-49C7-8E36-209F5672F009}.Debug|x64.Build.0 = Debug|x64
		{B51A4207-F947-49C7-8E36-209F5672F009}.Debug|x86.ActiveCfg = Debug|Win32
		{B51A4207-F947-49C7-8E36-209F5672F009}.Debug|x86.Build.0 = Debug|Win32
		{B51A4207-F947-49C7-8E36-209F5672F009}.Release|x64.ActiveCfg = Release|x64
		{B51A4207-F947-49C7-8E36-209F5672F009}.Release|x64.Build.0 = Release|x64
		{B51A4207-F947-49C7-8E36-209F5672F009}.Release|x86.ActiveCfg = Release|Win32
		{B51A4207-F947-49C7-8E36-209F5672F009}.Release|x86.Build.0 = Release|Win32
	EndGlobalSection
	GlobalSection(SolutionProperties) = preSolution
		HideSolutionNode = FALSE
	EndGlobalSection
	GlobalSection(ExtensibilityGlobals) = postSolution
		SolutionGuid = {31A53287-EA42-4BAB-81E7-C5424F69BC40}
	EndGlobalSection
EndGlobal
