
Microsoft Visual Studio Solution File, Format Version 12.00
# Visual Studio 15
VisualStudioVersion = 15.0.28307.1169
MinimumVisualStudioVersion = 10.0.40219.1
Project("{8BC9CEB8-8B4A-11D0-8D11-00A0C91BC942}") = "ALV", "720\720.vcxproj", "{ABF41E43-28AC-495C-9AD7-1FAF5F801C1F}"
EndProject
Project("{8BC9CEB8-8B4A-11D0-8D11-00A0C91BC942}") = "HashSearch", "HashSearch\HashSearch.vcxproj", "{BC310649-437D-429A-AAD3-1F9450686D21}"
EndProject
Project("{8BC9CEB8-8B4A-11D0-8D11-00A0C91BC942}") = "Search", "Search\Search.vcxproj", "{3BAD733F-EE37-4D9C-81E3-071C35E748F1}"
EndProject
Project("{8BC9CEB8-8B4A-11D0-8D11-00A0C91BC942}") = "NonRecursiveSBT", "NonRecursiveSBT\NonRecursiveSBT.vcxproj", "{D1AF2F17-CFA5-4CCB-B2B0-9ABD42BA13AD}"
EndProject
Project("{8BC9CEB8-8B4A-11D0-8D11-00A0C91BC942}") = "BubbleSort", "BubbleSort\BubbleSort.vcxproj", "{588BB32A-E5F5-499F-B616-34337C958C6B}"
EndProject
Project("{8BC9CEB8-8B4A-11D0-8D11-00A0C91BC942}") = "SelectSort", "SelectSort\SelectSort.vcxproj", "{BDA34425-5742-40F5-BE1F-C00CEB16A54E}"
EndProject
Project("{8BC9CEB8-8B4A-11D0-8D11-00A0C91BC942}") = "InsertSort", "InsertSort\InsertSort.vcxproj", "{1C5A04A7-F57E-47E8-B085-2E0034B0A4DC}"
EndProject
Global
	GlobalSection(SolutionConfigurationPlatforms) = preSolution
		Debug|x64 = Debug|x64
		Debug|x86 = Debug|x86
		Release|x64 = Release|x64
		Release|x86 = Release|x86
	EndGlobalSection
	GlobalSection(ProjectConfigurationPlatforms) = postSolution
		{ABF41E43-28AC-495C-9AD7-1FAF5F801C1F}.Debug|x64.ActiveCfg = Debug|x64
		{ABF41E43-28AC-495C-9AD7-1FAF5F801C1F}.Debug|x64.Build.0 = Debug|x64
		{ABF41E43-28AC-495C-9AD7-1FAF5F801C1F}.Debug|x86.ActiveCfg = Debug|Win32
		{ABF41E43-28AC-495C-9AD7-1FAF5F801C1F}.Debug|x86.Build.0 = Debug|Win32
		{ABF41E43-28AC-495C-9AD7-1FAF5F801C1F}.Release|x64.ActiveCfg = Release|x64
		{ABF41E43-28AC-495C-9AD7-1FAF5F801C1F}.Release|x64.Build.0 = Release|x64
		{ABF41E43-28AC-495C-9AD7-1FAF5F801C1F}.Release|x86.ActiveCfg = Release|Win32
		{ABF41E43-28AC-495C-9AD7-1FAF5F801C1F}.Release|x86.Build.0 = Release|Win32
		{BC310649-437D-429A-AAD3-1F9450686D21}.Debug|x64.ActiveCfg = Debug|x64
		{BC310649-437D-429A-AAD3-1F9450686D21}.Debug|x64.Build.0 = Debug|x64
		{BC310649-437D-429A-AAD3-1F9450686D21}.Debug|x86.ActiveCfg = Debug|Win32
		{BC310649-437D-429A-AAD3-1F9450686D21}.Debug|x86.Build.0 = Debug|Win32
		{BC310649-437D-429A-AAD3-1F9450686D21}.Release|x64.ActiveCfg = Release|x64
		{BC310649-437D-429A-AAD3-1F9450686D21}.Release|x64.Build.0 = Release|x64
		{BC310649-437D-429A-AAD3-1F9450686D21}.Release|x86.ActiveCfg = Release|Win32
		{BC310649-437D-429A-AAD3-1F9450686D21}.Release|x86.Build.0 = Release|Win32
		{3BAD733F-EE37-4D9C-81E3-071C35E748F1}.Debug|x64.ActiveCfg = Debug|x64
		{3BAD733F-EE37-4D9C-81E3-071C35E748F1}.Debug|x64.Build.0 = Debug|x64
		{3BAD733F-EE37-4D9C-81E3-071C35E748F1}.Debug|x86.ActiveCfg = Debug|Win32
		{3BAD733F-EE37-4D9C-81E3-071C35E748F1}.Debug|x86.Build.0 = Debug|Win32
		{3BAD733F-EE37-4D9C-81E3-071C35E748F1}.Release|x64.ActiveCfg = Release|x64
		{3BAD733F-EE37-4D9C-81E3-071C35E748F1}.Release|x64.Build.0 = Release|x64
		{3BAD733F-EE37-4D9C-81E3-071C35E748F1}.Release|x86.ActiveCfg = Release|Win32
		{3BAD733F-EE37-4D9C-81E3-071C35E748F1}.Release|x86.Build.0 = Release|Win32
		{D1AF2F17-CFA5-4CCB-B2B0-9ABD42BA13AD}.Debug|x64.ActiveCfg = Debug|x64
		{D1AF2F17-CFA5-4CCB-B2B0-9ABD42BA13AD}.Debug|x64.Build.0 = Debug|x64
		{D1AF2F17-CFA5-4CCB-B2B0-9ABD42BA13AD}.Debug|x86.ActiveCfg = Debug|Win32
		{D1AF2F17-CFA5-4CCB-B2B0-9ABD42BA13AD}.Debug|x86.Build.0 = Debug|Win32
		{D1AF2F17-CFA5-4CCB-B2B0-9ABD42BA13AD}.Release|x64.ActiveCfg = Release|x64
		{D1AF2F17-CFA5-4CCB-B2B0-9ABD42BA13AD}.Release|x64.Build.0 = Release|x64
		{D1AF2F17-CFA5-4CCB-B2B0-9ABD42BA13AD}.Release|x86.ActiveCfg = Release|Win32
		{D1AF2F17-CFA5-4CCB-B2B0-9ABD42BA13AD}.Release|x86.Build.0 = Release|Win32
		{588BB32A-E5F5-499F-B616-34337C958C6B}.Debug|x64.ActiveCfg = Debug|x64
		{588BB32A-E5F5-499F-B616-34337C958C6B}.Debug|x64.Build.0 = Debug|x64
		{588BB32A-E5F5-499F-B616-34337C958C6B}.Debug|x86.ActiveCfg = Debug|Win32
		{588BB32A-E5F5-499F-B616-34337C958C6B}.Debug|x86.Build.0 = Debug|Win32
		{588BB32A-E5F5-499F-B616-34337C958C6B}.Release|x64.ActiveCfg = Release|x64
		{588BB32A-E5F5-499F-B616-34337C958C6B}.Release|x64.Build.0 = Release|x64
		{588BB32A-E5F5-499F-B616-34337C958C6B}.Release|x86.ActiveCfg = Release|Win32
		{588BB32A-E5F5-499F-B616-34337C958C6B}.Release|x86.Build.0 = Release|Win32
		{BDA34425-5742-40F5-BE1F-C00CEB16A54E}.Debug|x64.ActiveCfg = Debug|x64
		{BDA34425-5742-40F5-BE1F-C00CEB16A54E}.Debug|x64.Build.0 = Debug|x64
		{BDA34425-5742-40F5-BE1F-C00CEB16A54E}.Debug|x86.ActiveCfg = Debug|Win32
		{BDA34425-5742-40F5-BE1F-C00CEB16A54E}.Debug|x86.Build.0 = Debug|Win32
		{BDA34425-5742-40F5-BE1F-C00CEB16A54E}.Release|x64.ActiveCfg = Release|x64
		{BDA34425-5742-40F5-BE1F-C00CEB16A54E}.Release|x64.Build.0 = Release|x64
		{BDA34425-5742-40F5-BE1F-C00CEB16A54E}.Release|x86.ActiveCfg = Release|Win32
		{BDA34425-5742-40F5-BE1F-C00CEB16A54E}.Release|x86.Build.0 = Release|Win32
		{1C5A04A7-F57E-47E8-B085-2E0034B0A4DC}.Debug|x64.ActiveCfg = Debug|x64
		{1C5A04A7-F57E-47E8-B085-2E0034B0A4DC}.Debug|x64.Build.0 = Debug|x64
		{1C5A04A7-F57E-47E8-B085-2E0034B0A4DC}.Debug|x86.ActiveCfg = Debug|Win32
		{1C5A04A7-F57E-47E8-B085-2E0034B0A4DC}.Debug|x86.Build.0 = Debug|Win32
		{1C5A04A7-F57E-47E8-B085-2E0034B0A4DC}.Release|x64.ActiveCfg = Release|x64
		{1C5A04A7-F57E-47E8-B085-2E0034B0A4DC}.Release|x64.Build.0 = Release|x64
		{1C5A04A7-F57E-47E8-B085-2E0034B0A4DC}.Release|x86.ActiveCfg = Release|Win32
		{1C5A04A7-F57E-47E8-B085-2E0034B0A4DC}.Release|x86.Build.0 = Release|Win32
	EndGlobalSection
	GlobalSection(SolutionProperties) = preSolution
		HideSolutionNode = FALSE
	EndGlobalSection
	GlobalSection(ExtensibilityGlobals) = postSolution
		SolutionGuid = {7B7211B7-0385-4791-B453-F19944A686D1}
	EndGlobalSection
EndGlobal
